
Microsoft Visual Studio Solution File, Format Version 12.00
# Visual Studio 15
VisualStudioVersion = 15.0.28307.168
MinimumVisualStudioVersion = 10.0.40219.1
Project("{FAE04EC0-301F-11D3-BF4B-00C04F79EFBC}") = "AppointmentScheduling", "AppointmentScheduling\AppointmentScheduling.csproj", "{7EF22400-4341-4E09-B9A0-BAF67619C85F}"
EndProject
Global
	GlobalSection(SolutionConfigurationPlatforms) = preSolution
		Debug|Any CPU = Debug|Any CPU
		Release|Any CPU = Release|Any CPU
	EndGlobalSection
	GlobalSection(ProjectConfigurationPlatforms) = postSolution
		{7EF22400-4341-4E09-B9A0-BAF67619C85F}.Debug|Any CPU.ActiveCfg = Debug|Any CPU
		{7EF22400-4341-4E09-B9A0-BAF67619C85F}.Debug|Any CPU.Build.0 = Debug|Any CPU
		{7EF22400-4341-4E09-B9A0-BAF67619C85F}.Release|Any CPU.ActiveCfg = Release|Any CPU
		{7EF22400-4341-4E09-B9A0-BAF67619C85F}.Release|Any CPU.Build.0 = Release|Any CPU
	EndGlobalSection
	GlobalSection(SolutionProperties) = preSolution
		HideSolutionNode = FALSE
	EndGlobalSection
	GlobalSection(ExtensibilityGlobals) = postSolution
		SolutionGuid = {8118DE0E-68D4-4788-8CD8-412688F2905C}
	EndGlobalSection
EndGlobal
